{
  "requires": true,
  "lockfileVersion": 1,
  "dependencies": {
    "angular-countdown-timer": {
      "version": "0.0.1",
      "resolved": "https://registry.npmjs.org/angular-countdown-timer/-/angular-countdown-timer-0.0.1.tgz",
      "integrity": "sha512-Z1CG7hy/VISjXgVXo23k3hRIX6l1h6QWPdvKygy+Ysmk2gkOhhU5W+zKDOw2F4kysizbq5T+Z9m/6oyNAAhwFw=="
    }
  }
}
